
Microsoft Visual Studio Solution File, Format Version 12.00
# Visual Studio 15
VisualStudioVersion = 15.0.27004.2006
MinimumVisualStudioVersion = 15.0.26124.0
Project("{2150E333-8FDC-42A3-9474-1A3956D46DE8}") = "src", "src", "{65358EAF-9C6F-49BE-BCFF-E38AAFBE8B0A}"
EndProject
Project("{9A19103F-16F7-4668-BE54-9A1E7A4F7556}") = "Company.GrainInterfaces", "src\ProjectTemplates\GrainInterfaces.NetStandard.CSharp\Company.GrainInterfaces.csproj", "{0FA6DF18-3D3C-496D-8022-68CD817E6791}"
EndProject
Project("{FAE04EC0-301F-11D3-BF4B-00C04F79EFBC}") = "Orleans.Templates", "src\Orleans.Templates\Orleans.Templates.csproj", "{D6FC2179-9C0C-4B8A-B190-2FA14E2516DD}"
EndProject
Project("{2150E333-8FDC-42A3-9474-1A3956D46DE8}") = "ProjectTemplates", "ProjectTemplates", "{18436E85-CC22-4D9D-AC1F-E980926EFA01}"
EndProject
Project("{9A19103F-16F7-4668-BE54-9A1E7A4F7556}") = "Company.Grains", "src\ProjectTemplates\GrainImplementation.NetStandard.CSharp\Company.Grains.csproj", "{B1365998-7CEE-4D71-BDEB-7F2260E4B797}"
EndProject
Project("{2150E333-8FDC-42A3-9474-1A3956D46DE8}") = "FSharp", "FSharp", "{03FF8563-4DAE-489D-8186-AB6FBD7830FB}"
EndProject
Project("{6EC3EE1D-3C4E-46DD-8F32-0CC8E7565705}") = "Company.Grains", "src\ProjectTemplates\GrainImplementation.NetStandard.FSharp\Company.Grains.fsproj", "{E2306D8A-BD1B-4FBC-BB83-47DD781CA7CE}"
EndProject
Project("{2150E333-8FDC-42A3-9474-1A3956D46DE8}") = "CSharp", "CSharp", "{004240E7-71A4-4B56-8906-607EC03BAF74}"
EndProject
Project("{2150E333-8FDC-42A3-9474-1A3956D46DE8}") = "Visual Basic", "Visual Basic", "{28896967-DFD7-4D99-A932-2C8BADCEB1F0}"
EndProject
Project("{778DAE3C-4631-46EA-AA77-85C1314464D9}") = "Company.GrainInterfaces", "src\ProjectTemplates\GrainInterfaces.NetStandard.VB\Company.GrainInterfaces.vbproj", "{5156599A-A027-4E87-B0CD-9B7E07A5C6EC}"
EndProject
Project("{778DAE3C-4631-46EA-AA77-85C1314464D9}") = "Company.Grains", "src\ProjectTemplates\GrainImplementation.NetStandard.VB\Company.Grains.vbproj", "{6A949758-70AA-485E-B247-FDB40C8359D8}"
EndProject
Project("{2150E333-8FDC-42A3-9474-1A3956D46DE8}") = "ItemTemplates", "ItemTemplates", "{F4CCB77B-391B-4DD6-B2C1-2A798834BE56}"
EndProject
Project("{2150E333-8FDC-42A3-9474-1A3956D46DE8}") = "CSharp", "CSharp", "{32936227-D850-4B4A-A2CE-E32140EF2D5D}"
EndProject
Project("{2150E333-8FDC-42A3-9474-1A3956D46DE8}") = "Visual Basic", "Visual Basic", "{896F3ABE-06E9-4C97-A09C-1DA131B96AB7}"
EndProject
Project("{2150E333-8FDC-42A3-9474-1A3956D46DE8}") = "FSharp", "FSharp", "{71C9281E-F23E-45C3-A724-D2AB258C3754}"
EndProject
Project("{9A19103F-16F7-4668-BE54-9A1E7A4F7556}") = "Company.SiloHost", "src\ProjectTemplates\SiloHost.NetCoreApp.CSharp\Company.SiloHost.csproj", "{76F3BAFD-43C9-461C-AFB6-89198FC6BE76}"
EndProject
Project("{9A19103F-16F7-4668-BE54-9A1E7A4F7556}") = "Company.OrleansClient", "src\ProjectTemplates\OrleansClient.NetCoreApp.CSharp\Company.OrleansClient.csproj", "{1395B780-8CD4-4B97-859C-30EF19032813}"
EndProject
Global
	GlobalSection(SolutionConfigurationPlatforms) = preSolution
		Debug|Any CPU = Debug|Any CPU
		Release|Any CPU = Release|Any CPU
	EndGlobalSection
	GlobalSection(ProjectConfigurationPlatforms) = postSolution
		{0FA6DF18-3D3C-496D-8022-68CD817E6791}.Debug|Any CPU.ActiveCfg = Debug|Any CPU
		{0FA6DF18-3D3C-496D-8022-68CD817E6791}.Release|Any CPU.ActiveCfg = Release|Any CPU
		{D6FC2179-9C0C-4B8A-B190-2FA14E2516DD}.Debug|Any CPU.ActiveCfg = Debug|Any CPU
		{D6FC2179-9C0C-4B8A-B190-2FA14E2516DD}.Debug|Any CPU.Build.0 = Debug|Any CPU
		{D6FC2179-9C0C-4B8A-B190-2FA14E2516DD}.Release|Any CPU.ActiveCfg = Release|Any CPU
		{D6FC2179-9C0C-4B8A-B190-2FA14E2516DD}.Release|Any CPU.Build.0 = Release|Any CPU
		{B1365998-7CEE-4D71-BDEB-7F2260E4B797}.Debug|Any CPU.ActiveCfg = Debug|Any CPU
		{B1365998-7CEE-4D71-BDEB-7F2260E4B797}.Release|Any CPU.ActiveCfg = Release|Any CPU
		{E2306D8A-BD1B-4FBC-BB83-47DD781CA7CE}.Debug|Any CPU.ActiveCfg = Debug|Any CPU
		{E2306D8A-BD1B-4FBC-BB83-47DD781CA7CE}.Release|Any CPU.ActiveCfg = Release|Any CPU
		{5156599A-A027-4E87-B0CD-9B7E07A5C6EC}.Debug|Any CPU.ActiveCfg = Debug|Any CPU
		{5156599A-A027-4E87-B0CD-9B7E07A5C6EC}.Release|Any CPU.ActiveCfg = Release|Any CPU
		{6A949758-70AA-485E-B247-FDB40C8359D8}.Debug|Any CPU.ActiveCfg = Debug|Any CPU
		{6A949758-70AA-485E-B247-FDB40C8359D8}.Release|Any CPU.ActiveCfg = Release|Any CPU
		{76F3BAFD-43C9-461C-AFB6-89198FC6BE76}.Debug|Any CPU.ActiveCfg = Debug|Any CPU
		{76F3BAFD-43C9-461C-AFB6-89198FC6BE76}.Release|Any CPU.ActiveCfg = Release|Any CPU
		{1395B780-8CD4-4B97-859C-30EF19032813}.Debug|Any CPU.ActiveCfg = Debug|Any CPU
		{1395B780-8CD4-4B97-859C-30EF19032813}.Release|Any CPU.ActiveCfg = Release|Any CPU
	EndGlobalSection
	GlobalSection(SolutionProperties) = preSolution
		HideSolutionNode = FALSE
	EndGlobalSection
	GlobalSection(NestedProjects) = preSolution
		{0FA6DF18-3D3C-496D-8022-68CD817E6791} = {004240E7-71A4-4B56-8906-607EC03BAF74}
		{D6FC2179-9C0C-4B8A-B190-2FA14E2516DD} = {65358EAF-9C6F-49BE-BCFF-E38AAFBE8B0A}
		{18436E85-CC22-4D9D-AC1F-E980926EFA01} = {65358EAF-9C6F-49BE-BCFF-E38AAFBE8B0A}
		{B1365998-7CEE-4D71-BDEB-7F2260E4B797} = {004240E7-71A4-4B56-8906-607EC03BAF74}
		{03FF8563-4DAE-489D-8186-AB6FBD7830FB} = {18436E85-CC22-4D9D-AC1F-E980926EFA01}
		{E2306D8A-BD1B-4FBC-BB83-47DD781CA7CE} = {03FF8563-4DAE-489D-8186-AB6FBD7830FB}
		{004240E7-71A4-4B56-8906-607EC03BAF74} = {18436E85-CC22-4D9D-AC1F-E980926EFA01}
		{28896967-DFD7-4D99-A932-2C8BADCEB1F0} = {18436E85-CC22-4D9D-AC1F-E980926EFA01}
		{5156599A-A027-4E87-B0CD-9B7E07A5C6EC} = {28896967-DFD7-4D99-A932-2C8BADCEB1F0}
		{6A949758-70AA-485E-B247-FDB40C8359D8} = {28896967-DFD7-4D99-A932-2C8BADCEB1F0}
		{F4CCB77B-391B-4DD6-B2C1-2A798834BE56} = {65358EAF-9C6F-49BE-BCFF-E38AAFBE8B0A}
		{32936227-D850-4B4A-A2CE-E32140EF2D5D} = {F4CCB77B-391B-4DD6-B2C1-2A798834BE56}
		{896F3ABE-06E9-4C97-A09C-1DA131B96AB7} = {F4CCB77B-391B-4DD6-B2C1-2A798834BE56}
		{71C9281E-F23E-45C3-A724-D2AB258C3754} = {F4CCB77B-391B-4DD6-B2C1-2A798834BE56}
		{76F3BAFD-43C9-461C-AFB6-89198FC6BE76} = {004240E7-71A4-4B56-8906-607EC03BAF74}
		{1395B780-8CD4-4B97-859C-30EF19032813} = {004240E7-71A4-4B56-8906-607EC03BAF74}
	EndGlobalSection
	GlobalSection(ExtensibilityGlobals) = postSolution
		SolutionGuid = {A924C7D3-0272-4F15-B7AD-0F07FA035C66}
	EndGlobalSection
EndGlobal
